{
  "name": "aba-manager-system",
  "lockfileVersion": 3,
  "requires": true,
  "packages": {
    "": {
      "devDependencies": {
        "@types/swagger-jsdoc": "^6.0.4"
      }
    },
    "node_modules/@types/swagger-jsdoc": {
      "version": "6.0.4",
      "resolved": "https://registry.npmjs.org/@types/swagger-jsdoc/-/swagger-jsdoc-6.0.4.tgz",
      "integrity": "sha512-W+Xw5epcOZrF/AooUM/PccNMSAFOKWZA5dasNyMujTwsBkU74njSJBpvCCJhHAJ95XRMzQrrW844Btu0uoetwQ==",
      "dev": true,
      "license": "MIT"
    }
  }
}
